
Microsoft Visual Studio Solution File, Format Version 12.00
# Visual Studio Version 17
VisualStudioVersion = 17.10.35122.118
MinimumVisualStudioVersion = 10.0.40219.1
Project("{FAE04EC0-301F-11D3-BF4B-00C04F79EFBC}") = "SchoolManagement.API", "SchoolManagement.API\SchoolManagement.API.csproj", "{04C6EC66-AF60-4C44-8CE5-32BD5AF4722A}"
EndProject
Global
	GlobalSection(SolutionConfigurationPlatforms) = preSolution
		Debug|Any CPU = Debug|Any CPU
		Release|Any CPU = Release|Any CPU
	EndGlobalSection
	GlobalSection(ProjectConfigurationPlatforms) = postSolution
		{04C6EC66-AF60-4C44-8CE5-32BD5AF4722A}.Debug|Any CPU.ActiveCfg = Debug|Any CPU
		{04C6EC66-AF60-4C44-8CE5-32BD5AF4722A}.Debug|Any CPU.Build.0 = Debug|Any CPU
		{04C6EC66-AF60-4C44-8CE5-32BD5AF4722A}.Release|Any CPU.ActiveCfg = Release|Any CPU
		{04C6EC66-AF60-4C44-8CE5-32BD5AF4722A}.Release|Any CPU.Build.0 = Release|Any CPU
	EndGlobalSection
	GlobalSection(SolutionProperties) = preSolution
		HideSolutionNode = FALSE
	EndGlobalSection
	GlobalSection(ExtensibilityGlobals) = postSolution
		SolutionGuid = {426CBBB7-B4A9-4F29-A159-A05A2B333605}
	EndGlobalSection
EndGlobal
